
Microsoft Visual Studio Solution File, Format Version 12.00
# Visual Studio Version 17
VisualStudioVersion = 17.0.32112.339
MinimumVisualStudioVersion = 10.0.40219.1
Project("{FAE04EC0-301F-11D3-BF4B-00C04F79EFBC}") = "AtticusPlayGameProject", "AtticusPlayGameProject\AtticusPlayGameProject.csproj", "{BBBFDC70-5D85-4901-A313-5FE4158882C0}"
EndProject
Global
	GlobalSection(SolutionConfigurationPlatforms) = preSolution
		Debug|Any CPU = Debug|Any CPU
		Release|Any CPU = Release|Any CPU
	EndGlobalSection
	GlobalSection(ProjectConfigurationPlatforms) = postSolution
		{BBBFDC70-5D85-4901-A313-5FE4158882C0}.Debug|Any CPU.ActiveCfg = Debug|Any CPU
		{BBBFDC70-5D85-4901-A313-5FE4158882C0}.Debug|Any CPU.Build.0 = Debug|Any CPU
		{BBBFDC70-5D85-4901-A313-5FE4158882C0}.Release|Any CPU.ActiveCfg = Release|Any CPU
		{BBBFDC70-5D85-4901-A313-5FE4158882C0}.Release|Any CPU.Build.0 = Release|Any CPU
	EndGlobalSection
	GlobalSection(SolutionProperties) = preSolution
		HideSolutionNode = FALSE
	EndGlobalSection
	GlobalSection(ExtensibilityGlobals) = postSolution
		SolutionGuid = {2E71D9C1-2333-4E2F-BCC0-968095431781}
	EndGlobalSection
EndGlobal
